
Microsoft Visual Studio Solution File, Format Version 12.00
# Visual Studio 14
VisualStudioVersion = 14.0.22709.0
MinimumVisualStudioVersion = 10.0.40219.1
Project("{FAE04EC0-301F-11D3-BF4B-00C04F79EFBC}") = "NewBuildSample", "NewBuildSample\NewBuildSample.csproj", "{186D4F4A-6D46-4288-8668-5B9B02174549}"
EndProject
Project("{FAE04EC0-301F-11D3-BF4B-00C04F79EFBC}") = "UnitTestProject1", "UnitTestProject1\UnitTestProject1.csproj", "{F896C35C-F434-48C7-B0CC-C0B051A3A9F7}"
EndProject
Project("{FAE04EC0-301F-11D3-BF4B-00C04F79EFBC}") = "AzureWebsiteDeployProject", "AzureWebsiteDeployProject\AzureWebsiteDeployProject.csproj", "{E0EB1F94-8C63-484B-A2A9-46A91C03162C}"
EndProject
Global
	GlobalSection(SolutionConfigurationPlatforms) = preSolution
		Debug|Any CPU = Debug|Any CPU
		Release|Any CPU = Release|Any CPU
	EndGlobalSection
	GlobalSection(ProjectConfigurationPlatforms) = postSolution
		{186D4F4A-6D46-4288-8668-5B9B02174549}.Debug|Any CPU.ActiveCfg = Debug|Any CPU
		{186D4F4A-6D46-4288-8668-5B9B02174549}.Debug|Any CPU.Build.0 = Debug|Any CPU
		{186D4F4A-6D46-4288-8668-5B9B02174549}.Release|Any CPU.ActiveCfg = Release|Any CPU
		{186D4F4A-6D46-4288-8668-5B9B02174549}.Release|Any CPU.Build.0 = Release|Any CPU
		{F896C35C-F434-48C7-B0CC-C0B051A3A9F7}.Debug|Any CPU.ActiveCfg = Debug|Any CPU
		{F896C35C-F434-48C7-B0CC-C0B051A3A9F7}.Debug|Any CPU.Build.0 = Debug|Any CPU
		{F896C35C-F434-48C7-B0CC-C0B051A3A9F7}.Release|Any CPU.ActiveCfg = Release|Any CPU
		{F896C35C-F434-48C7-B0CC-C0B051A3A9F7}.Release|Any CPU.Build.0 = Release|Any CPU
		{E0EB1F94-8C63-484B-A2A9-46A91C03162C}.Debug|Any CPU.ActiveCfg = Debug|Any CPU
		{E0EB1F94-8C63-484B-A2A9-46A91C03162C}.Debug|Any CPU.Build.0 = Debug|Any CPU
		{E0EB1F94-8C63-484B-A2A9-46A91C03162C}.Release|Any CPU.ActiveCfg = Release|Any CPU
		{E0EB1F94-8C63-484B-A2A9-46A91C03162C}.Release|Any CPU.Build.0 = Release|Any CPU
	EndGlobalSection
	GlobalSection(SolutionProperties) = preSolution
		HideSolutionNode = FALSE
	EndGlobalSection
EndGlobal
